
Microsoft Visual Studio Solution File, Format Version 12.00
# Visual Studio 2012
Project("{FAE04EC0-301F-11D3-BF4B-00C04F79EFBC}") = "BPELDiagram_Pal", "BPELDiagram_Pal.csproj", "{09FACDEF-E61F-452A-B75E-DF66C39F8A68}"
EndProject
Global
	GlobalSection(SolutionConfigurationPlatforms) = preSolution
		Debug|Any CPU = Debug|Any CPU
		Release|Any CPU = Release|Any CPU
	EndGlobalSection
	GlobalSection(ProjectConfigurationPlatforms) = postSolution
		{09FACDEF-E61F-452A-B75E-DF66C39F8A68}.Debug|Any CPU.ActiveCfg = Debug|Any CPU
		{09FACDEF-E61F-452A-B75E-DF66C39F8A68}.Debug|Any CPU.Build.0 = Debug|Any CPU
		{09FACDEF-E61F-452A-B75E-DF66C39F8A68}.Release|Any CPU.ActiveCfg = Release|Any CPU
		{09FACDEF-E61F-452A-B75E-DF66C39F8A68}.Release|Any CPU.Build.0 = Release|Any CPU
	EndGlobalSection
	GlobalSection(SolutionProperties) = preSolution
		HideSolutionNode = FALSE
	EndGlobalSection
EndGlobal
